{
  "lockfileVersion": 1,
  "configVersion": 1,
  "workspaces": {
    "": {
      "name": "image-bench",
      "dependencies": {
        "@radix-ui/react-separator": "^1.1.8",
        "@radix-ui/react-slot": "^1.2.4",
        "class-variance-authority": "^0.7.1",
        "clsx": "^2.1.1",
        "geist": "^1.7.0",
        "lucide-react": "^1.11.0",
        "next": "^16.2.4",
        "nstr": "^0.1.3",
        "pretty-bytes": "^7.1.0",
        "react": "19.2.5",
        "react-dom": "19.2.5",
        "tailwind-merge": "^3.5.0",
        "takumi-js": "^1.1.2",
        "zod": "^4.3.6",
      },
      "devDependencies": {
        "@tailwindcss/postcss": "^4.2.4",
        "@types/bun": "^1.3.13",
        "@types/node": "^25.6.0",
        "@types/react": "^19.2.14",
        "@types/react-dom": "^19.2.3",
        "mitata": "^1.0.34",
        "oxfmt": "^0.46.0",
        "oxlint": "^1.61.0",
        "tailwindcss": "^4.2.4",
        "ts-extras": "^1.0.0",
        "tw-animate-css": "^1.4.0",
        "typescript": "^6.0.3",
      },
    },
  },
  "packages": {
    "@alloc/quick-lru": ["@alloc/quick-lru@5.2.0", "", {}, "sha512-UrcABB+4bUrFABwbluTIBErXwvbsU/V7TZWfmbgJfbkwiBuziS9gxdODUyuiecfdGQ85jglMW6juS3+z5TsKLw=="],

    "@emnapi/runtime": ["@emnapi/runtime@1.7.0", "", { "dependencies": { "tslib": "^2.4.0" } }, "sha512-oAYoQnCYaQZKVS53Fq23ceWMRxq5EhQsE0x0RdQ55jT7wagMu5k+fS39v1fiSLrtrLQlXwVINenqhLMtTrV/1Q=="],

    "@img/colour": ["@img/colour@1.0.0", "", {}, "sha512-A5P/LfWGFSl6nsckYtjw9da+19jB8hkJ6ACTGcDfEJ0aE+l2n2El7dsVM7UVHZQ9s2lmYMWlrS21YLy2IR1LUw=="],

    "@img/sharp-darwin-arm64": ["@img/sharp-darwin-arm64@0.34.5", "", { "optionalDependencies": { "@img/sharp-libvips-darwin-arm64": "1.2.4" }, "os": "darwin", "cpu": "arm64" }, "sha512-imtQ3WMJXbMY4fxb/Ndp6HBTNVtWCUI0WdobyheGf5+ad6xX8VIDO8u2xE4qc/fr08CKG/7dDseFtn6M6g/r3w=="],

    "@img/sharp-darwin-x64": ["@img/sharp-darwin-x64@0.34.5", "", { "optionalDependencies": { "@img/sharp-libvips-darwin-x64": "1.2.4" }, "os": "darwin", "cpu": "x64" }, "sha512-YNEFAF/4KQ/PeW0N+r+aVVsoIY0/qxxikF2SWdp+NRkmMB7y9LBZAVqQ4yhGCm/H3H270OSykqmQMKLBhBJDEw=="],

    "@img/sharp-libvips-darwin-arm64": ["@img/sharp-libvips-darwin-arm64@1.2.4", "", { "os": "darwin", "cpu": "arm64" }, "sha512-zqjjo7RatFfFoP0MkQ51jfuFZBnVE2pRiaydKJ1G/rHZvnsrHAOcQALIi9sA5co5xenQdTugCvtb1cuf78Vf4g=="],

    "@img/sharp-libvips-darwin-x64": ["@img/sharp-libvips-darwin-x64@1.2.4", "", { "os": "darwin", "cpu": "x64" }, "sha512-1IOd5xfVhlGwX+zXv2N93k0yMONvUlANylbJw1eTah8K/Jtpi15KC+WSiaX/nBmbm2HxRM1gZ0nSdjSsrZbGKg=="],

    "@img/sharp-libvips-linux-arm": ["@img/sharp-libvips-linux-arm@1.2.4", "", { "os": "linux", "cpu": "arm" }, "sha512-bFI7xcKFELdiNCVov8e44Ia4u2byA+l3XtsAj+Q8tfCwO6BQ8iDojYdvoPMqsKDkuoOo+X6HZA0s0q11ANMQ8A=="],

    "@img/sharp-libvips-linux-arm64": ["@img/sharp-libvips-linux-arm64@1.2.4", "", { "os": "linux", "cpu": "arm64" }, "sha512-excjX8DfsIcJ10x1Kzr4RcWe1edC9PquDRRPx3YVCvQv+U5p7Yin2s32ftzikXojb1PIFc/9Mt28/y+iRklkrw=="],

    "@img/sharp-libvips-linux-ppc64": ["@img/sharp-libvips-linux-ppc64@1.2.4", "", { "os": "linux", "cpu": "ppc64" }, "sha512-FMuvGijLDYG6lW+b/UvyilUWu5Ayu+3r2d1S8notiGCIyYU/76eig1UfMmkZ7vwgOrzKzlQbFSuQfgm7GYUPpA=="],

    "@img/sharp-libvips-linux-riscv64": ["@img/sharp-libvips-linux-riscv64@1.2.4", "", { "os": "linux", "cpu": "none" }, "sha512-oVDbcR4zUC0ce82teubSm+x6ETixtKZBh/qbREIOcI3cULzDyb18Sr/Wcyx7NRQeQzOiHTNbZFF1UwPS2scyGA=="],

    "@img/sharp-libvips-linux-s390x": ["@img/sharp-libvips-linux-s390x@1.2.4", "", { "os": "linux", "cpu": "s390x" }, "sha512-qmp9VrzgPgMoGZyPvrQHqk02uyjA0/QrTO26Tqk6l4ZV0MPWIW6LTkqOIov+J1yEu7MbFQaDpwdwJKhbJvuRxQ=="],

    "@img/sharp-libvips-linux-x64": ["@img/sharp-libvips-linux-x64@1.2.4", "", { "os": "linux", "cpu": "x64" }, "sha512-tJxiiLsmHc9Ax1bz3oaOYBURTXGIRDODBqhveVHonrHJ9/+k89qbLl0bcJns+e4t4rvaNBxaEZsFtSfAdquPrw=="],

    "@img/sharp-libvips-linuxmusl-arm64": ["@img/sharp-libvips-linuxmusl-arm64@1.2.4", "", { "os": "linux", "cpu": "arm64" }, "sha512-FVQHuwx1IIuNow9QAbYUzJ+En8KcVm9Lk5+uGUQJHaZmMECZmOlix9HnH7n1TRkXMS0pGxIJokIVB9SuqZGGXw=="],

    "@img/sharp-libvips-linuxmusl-x64": ["@img/sharp-libvips-linuxmusl-x64@1.2.4", "", { "os": "linux", "cpu": "x64" }, "sha512-+LpyBk7L44ZIXwz/VYfglaX/okxezESc6UxDSoyo2Ks6Jxc4Y7sGjpgU9s4PMgqgjj1gZCylTieNamqA1MF7Dg=="],

    "@img/sharp-linux-arm": ["@img/sharp-linux-arm@0.34.5", "", { "optionalDependencies": { "@img/sharp-libvips-linux-arm": "1.2.4" }, "os": "linux", "cpu": "arm" }, "sha512-9dLqsvwtg1uuXBGZKsxem9595+ujv0sJ6Vi8wcTANSFpwV/GONat5eCkzQo/1O6zRIkh0m/8+5BjrRr7jDUSZw=="],

    "@img/sharp-linux-arm64": ["@img/sharp-linux-arm64@0.34.5", "", { "optionalDependencies": { "@img/sharp-libvips-linux-arm64": "1.2.4" }, "os": "linux", "cpu": "arm64" }, "sha512-bKQzaJRY/bkPOXyKx5EVup7qkaojECG6NLYswgktOZjaXecSAeCWiZwwiFf3/Y+O1HrauiE3FVsGxFg8c24rZg=="],

    "@img/sharp-linux-ppc64": ["@img/sharp-linux-ppc64@0.34.5", "", { "optionalDependencies": { "@img/sharp-libvips-linux-ppc64": "1.2.4" }, "os": "linux", "cpu": "ppc64" }, "sha512-7zznwNaqW6YtsfrGGDA6BRkISKAAE1Jo0QdpNYXNMHu2+0dTrPflTLNkpc8l7MUP5M16ZJcUvysVWWrMefZquA=="],

    "@img/sharp-linux-riscv64": ["@img/sharp-linux-riscv64@0.34.5", "", { "optionalDependencies": { "@img/sharp-libvips-linux-riscv64": "1.2.4" }, "os": "linux", "cpu": "none" }, "sha512-51gJuLPTKa7piYPaVs8GmByo7/U7/7TZOq+cnXJIHZKavIRHAP77e3N2HEl3dgiqdD/w0yUfiJnII77PuDDFdw=="],

    "@img/sharp-linux-s390x": ["@img/sharp-linux-s390x@0.34.5", "", { "optionalDependencies": { "@img/sharp-libvips-linux-s390x": "1.2.4" }, "os": "linux", "cpu": "s390x" }, "sha512-nQtCk0PdKfho3eC5MrbQoigJ2gd1CgddUMkabUj+rBevs8tZ2cULOx46E7oyX+04WGfABgIwmMC0VqieTiR4jg=="],

    "@img/sharp-linux-x64": ["@img/sharp-linux-x64@0.34.5", "", { "optionalDependencies": { "@img/sharp-libvips-linux-x64": "1.2.4" }, "os": "linux", "cpu": "x64" }, "sha512-MEzd8HPKxVxVenwAa+JRPwEC7QFjoPWuS5NZnBt6B3pu7EG2Ge0id1oLHZpPJdn3OQK+BQDiw9zStiHBTJQQQQ=="],

    "@img/sharp-linuxmusl-arm64": ["@img/sharp-linuxmusl-arm64@0.34.5", "", { "optionalDependencies": { "@img/sharp-libvips-linuxmusl-arm64": "1.2.4" }, "os": "linux", "cpu": "arm64" }, "sha512-fprJR6GtRsMt6Kyfq44IsChVZeGN97gTD331weR1ex1c1rypDEABN6Tm2xa1wE6lYb5DdEnk03NZPqA7Id21yg=="],

    "@img/sharp-linuxmusl-x64": ["@img/sharp-linuxmusl-x64@0.34.5", "", { "optionalDependencies": { "@img/sharp-libvips-linuxmusl-x64": "1.2.4" }, "os": "linux", "cpu": "x64" }, "sha512-Jg8wNT1MUzIvhBFxViqrEhWDGzqymo3sV7z7ZsaWbZNDLXRJZoRGrjulp60YYtV4wfY8VIKcWidjojlLcWrd8Q=="],

    "@img/sharp-wasm32": ["@img/sharp-wasm32@0.34.5", "", { "dependencies": { "@emnapi/runtime": "^1.7.0" }, "cpu": "none" }, "sha512-OdWTEiVkY2PHwqkbBI8frFxQQFekHaSSkUIJkwzclWZe64O1X4UlUjqqqLaPbUpMOQk6FBu/HtlGXNblIs0huw=="],

    "@img/sharp-win32-arm64": ["@img/sharp-win32-arm64@0.34.5", "", { "os": "win32", "cpu": "arm64" }, "sha512-WQ3AgWCWYSb2yt+IG8mnC6Jdk9Whs7O0gxphblsLvdhSpSTtmu69ZG1Gkb6NuvxsNACwiPV6cNSZNzt0KPsw7g=="],

    "@img/sharp-win32-ia32": ["@img/sharp-win32-ia32@0.34.5", "", { "os": "win32", "cpu": "ia32" }, "sha512-FV9m/7NmeCmSHDD5j4+4pNI8Cp3aW+JvLoXcTUo0IqyjSfAZJ8dIUmijx1qaJsIiU+Hosw6xM5KijAWRJCSgNg=="],

    "@img/sharp-win32-x64": ["@img/sharp-win32-x64@0.34.5", "", { "os": "win32", "cpu": "x64" }, "sha512-+29YMsqY2/9eFEiW93eqWnuLcWcufowXewwSNIT6UwZdUUCrM3oFjMWH/Z6/TMmb4hlFenmfAVbpWeup2jryCw=="],

    "@jridgewell/gen-mapping": ["@jridgewell/gen-mapping@0.3.13", "", { "dependencies": { "@jridgewell/sourcemap-codec": "^1.5.0", "@jridgewell/trace-mapping": "^0.3.24" } }, "sha512-2kkt/7niJ6MgEPxF0bYdQ6etZaA+fQvDcLKckhy1yIQOzaoKjBBjSj63/aLVjYE3qhRt5dvM+uUyfCg6UKCBbA=="],

    "@jridgewell/remapping": ["@jridgewell/remapping@2.3.5", "", { "dependencies": { "@jridgewell/gen-mapping": "^0.3.5", "@jridgewell/trace-mapping": "^0.3.24" } }, "sha512-LI9u/+laYG4Ds1TDKSJW2YPrIlcVYOwi2fUC6xB43lueCjgxV4lffOCZCtYFiH6TNOX+tQKXx97T4IKHbhyHEQ=="],

    "@jridgewell/resolve-uri": ["@jridgewell/resolve-uri@3.1.2", "", {}, "sha512-bRISgCIjP20/tbWSPWMEi54QVPRZExkuD9lJL+UIxUKtwVJA8wW1Trb1jMs1RFXo1CBTNZ/5hpC9QvmKWdopKw=="],

    "@jridgewell/sourcemap-codec": ["@jridgewell/sourcemap-codec@1.5.5", "", {}, "sha512-cYQ9310grqxueWbl+WuIUIaiUaDcj7WOq5fVhEljNVgRfOUhY9fy2zTvfoqWsnebh8Sl70VScFbICvJnLKB0Og=="],

    "@jridgewell/trace-mapping": ["@jridgewell/trace-mapping@0.3.31", "", { "dependencies": { "@jridgewell/resolve-uri": "^3.1.0", "@jridgewell/sourcemap-codec": "^1.4.14" } }, "sha512-zzNR+SdQSDJzc8joaeP8QQoCQr8NuYx2dIIytl1QeBEZHJ9uW6hebsrYgbz8hJwUQao3TWCMtmfV8Nu1twOLAw=="],

    "@next/env": ["@next/env@16.2.4", "", {}, "sha512-dKkkOzOSwFYe5RX6y26fZgkSpVAlIOJKQHIiydQcrWH6y/97+RceSOAdjZ14Qa3zLduVUy0TXcn+EiM6t4rPgw=="],

    "@next/swc-darwin-arm64": ["@next/swc-darwin-arm64@16.2.4", "", { "os": "darwin", "cpu": "arm64" }, "sha512-OXTFFox5EKN1Ym08vfrz+OXxmCcEjT4SFMbNRsWZE99dMqt2Kcusl5MqPXcW232RYkMLQTy0hqgAMEsfEd/l2A=="],

    "@next/swc-darwin-x64": ["@next/swc-darwin-x64@16.2.4", "", { "os": "darwin", "cpu": "x64" }, "sha512-XhpVnUfmYWvD3YrXu55XdcAkQtOnvaI6wtQa8fuF5fGoKoxIUZ0kWPtcOfqJEWngFF/lOS9l3+O9CcownhiQxQ=="],

    "@next/swc-linux-arm64-gnu": ["@next/swc-linux-arm64-gnu@16.2.4", "", { "os": "linux", "cpu": "arm64" }, "sha512-Mx/tjlNA3G8kg14QvuGAJ4xBwPk1tUHq56JxZ8CXnZwz1Etz714soCEzGQQzVMz4bEnGPowzkV6Xrp6wAkEWOQ=="],

    "@next/swc-linux-arm64-musl": ["@next/swc-linux-arm64-musl@16.2.4", "", { "os": "linux", "cpu": "arm64" }, "sha512-iVMMp14514u7Nup2umQS03nT/bN9HurK8ufylC3FZNykrwjtx7V1A7+4kvhbDSCeonTVqV3Txnv0Lu+m2oDXNg=="],

    "@next/swc-linux-x64-gnu": ["@next/swc-linux-x64-gnu@16.2.4", "", { "os": "linux", "cpu": "x64" }, "sha512-EZOvm1aQWgnI/N/xcWOlnS3RQBk0VtVav5Zo7n4p0A7UKyTDx047k8opDbXgBpHl4CulRqRfbw3QrX2w5UOXMQ=="],

    "@next/swc-linux-x64-musl": ["@next/swc-linux-x64-musl@16.2.4", "", { "os": "linux", "cpu": "x64" }, "sha512-h9FxsngCm9cTBf71AR4fGznDEDx1hS7+kSEiIRjq5kO1oXWm07DxVGZjCvk0SGx7TSjlUqhI8oOyz7NfwAdPoA=="],

    "@next/swc-win32-arm64-msvc": ["@next/swc-win32-arm64-msvc@16.2.4", "", { "os": "win32", "cpu": "arm64" }, "sha512-3NdJV5OXMSOeJYijX+bjaLge3mJBlh4ybydbT4GFoB/2hAojWHtMhl3CYlYoMrjPuodp0nzFVi4Tj2+WaMg+Ow=="],

    "@next/swc-win32-x64-msvc": ["@next/swc-win32-x64-msvc@16.2.4", "", { "os": "win32", "cpu": "x64" }, "sha512-kMVGgsqhO5YTYODD9IPGGhA6iprWidQckK3LmPeW08PIFENRmgfb4MjXHO+p//d+ts2rpjvK5gXWzXSMrPl9cw=="],

    "@oxfmt/binding-android-arm-eabi": ["@oxfmt/binding-android-arm-eabi@0.46.0", "", { "os": "android", "cpu": "arm" }, "sha512-b1doV4WRcJU+BESSlCvCjV+5CEr/T6h0frArAdV26Nir+gGNFNaylvDiiMPfF1pxeV0txZEs38ojzJaxBYg+ng=="],

    "@oxfmt/binding-android-arm64": ["@oxfmt/binding-android-arm64@0.46.0", "", { "os": "android", "cpu": "arm64" }, "sha512-v6+HhjsoV3GO0u2u9jLSAZrvWfTraDxKofUIQ7/ktS7tzS+epVsxdHmeM+XxuNcAY/nWxxU1Sg4JcGTNRXraBA=="],

    "@oxfmt/binding-darwin-arm64": ["@oxfmt/binding-darwin-arm64@0.46.0", "", { "os": "darwin", "cpu": "arm64" }, "sha512-3eeooJGrqGIlI5MyryDZsAcKXSmKIgAD4yYtfRrRJzXZ0UTFZtiSveIur56YPrGMYZwT4XyVhHsMqrNwr1XeFA=="],

    "@oxfmt/binding-darwin-x64": ["@oxfmt/binding-darwin-x64@0.46.0", "", { "os": "darwin", "cpu": "x64" }, "sha512-QG8BDM0CXWbu84k2SKmCqfEddPQPFiBicwtYnLqHRWZZl57HbtOLRMac/KTq2NO4AEc4ICCBpFxJIV9zcqYfkQ=="],

    "@oxfmt/binding-freebsd-x64": ["@oxfmt/binding-freebsd-x64@0.46.0", "", { "os": "freebsd", "cpu": "x64" }, "sha512-9DdCqS/n2ncu/Chazvt3cpgAjAmIGQDz7hFKSrNItMApyV/Ja9mz3hD4JakIE3nS8PW9smEbPWnb389QLBY4nw=="],

    "@oxfmt/binding-linux-arm-gnueabihf": ["@oxfmt/binding-linux-arm-gnueabihf@0.46.0", "", { "os": "linux", "cpu": "arm" }, "sha512-Dgs7VeE2jT0LHMhw6tPEt0xQYe54kBqHEovmWsv4FVQlegCOvlIJNx0S8n4vj8WUtpT+Z6BD2HhKJPLglLxvZg=="],

    "@oxfmt/binding-linux-arm-musleabihf": ["@oxfmt/binding-linux-arm-musleabihf@0.46.0", "", { "os": "linux", "cpu": "arm" }, "sha512-Zxn3adhTH13JKnU4xXJj8FeEfF680XjXh3gSShKl57HCMBRde2tUJTgogV/1MSHA80PJEVrDa7r66TLVq3Ia7Q=="],

    "@oxfmt/binding-linux-arm64-gnu": ["@oxfmt/binding-linux-arm64-gnu@0.46.0", "", { "os": "linux", "cpu": "arm64" }, "sha512-+TWipjrgVM8D7aIdDD0tlr3teLTTvQTn7QTE5BpT10H1Fj82gfdn9X6nn2sDgx/MepuSCfSnzFNJq2paLL0OiA=="],

    "@oxfmt/binding-linux-arm64-musl": ["@oxfmt/binding-linux-arm64-musl@0.46.0", "", { "os": "linux", "cpu": "arm64" }, "sha512-aAUPBWJ1lGwwnxZUEDLJ94+Iy6MuwJwPxUgO4sCA5mEEyDk7b+cDQ+JpX1VR150Zoyd+D49gsrUzpUK5h587Eg=="],

    "@oxfmt/binding-linux-ppc64-gnu": ["@oxfmt/binding-linux-ppc64-gnu@0.46.0", "", { "os": "linux", "cpu": "ppc64" }, "sha512-ufBCJukyFX/UDrokP/r6BGDoTInnsDs7bxyzKAgMiZlt2Qu8GPJSJ6Zm6whIiJzKk0naxA8ilwmbO1LMw6Htxw=="],

    "@oxfmt/binding-linux-riscv64-gnu": ["@oxfmt/binding-linux-riscv64-gnu@0.46.0", "", { "os": "linux", "cpu": "none" }, "sha512-eqtlC2YmPqjun76R1gVfGLuKWx7NuEnLEAudZ7n6ipSKbCZTqIKSs1b5Y8K/JHZsRpLkeSmAAjig5HOIg8fQzQ=="],

    "@oxfmt/binding-linux-riscv64-musl": ["@oxfmt/binding-linux-riscv64-musl@0.46.0", "", { "os": "linux", "cpu": "none" }, "sha512-yccVOO2nMXkQLGgy0He3EQEwKD7NF0zEk+/OWmroznkqXyJdN6bfK0LtNnr6/14Bh3FjpYq7bP33l/VloCnxpA=="],

    "@oxfmt/binding-linux-s390x-gnu": ["@oxfmt/binding-linux-s390x-gnu@0.46.0", "", { "os": "linux", "cpu": "s390x" }, "sha512-aAf7fG23OQCey6VRPj9IeCraoYtpgtx0ZyJ1CXkPyT1wjzBE7c3xtuxHe/AdHaJfVVb/SXpSk8Gl1LzyQupSqw=="],

    "@oxfmt/binding-linux-x64-gnu": ["@oxfmt/binding-linux-x64-gnu@0.46.0", "", { "os": "linux", "cpu": "x64" }, "sha512-q0JPsTMyJNjYrBvYFDz4WbVsafNZaPCZv4RnFypRotLqpKROtBZcEaXQW4eb9YmvLU3NckVemLJnzkSZSdmOxw=="],

    "@oxfmt/binding-linux-x64-musl": ["@oxfmt/binding-linux-x64-musl@0.46.0", "", { "os": "linux", "cpu": "x64" }, "sha512-7LsLY9Cw57GPkhSR+duI3mt9baRczK/DtHYSldQ4BEU92da9igBQNl4z7Vq5U9NNPsh1FmpKvv1q9WDtiUQR1A=="],

    "@oxfmt/binding-openharmony-arm64": ["@oxfmt/binding-openharmony-arm64@0.46.0", "", { "os": "none", "cpu": "arm64" }, "sha512-lHiBOz8Duaku7JtRNLlps3j++eOaICPZSd8FCVmTDM4DFOPT71Bjn7g6iar1z7StXlKRweUKxWUs4sA+zWGDXg=="],

    "@oxfmt/binding-win32-arm64-msvc": ["@oxfmt/binding-win32-arm64-msvc@0.46.0", "", { "os": "win32", "cpu": "arm64" }, "sha512-/5ktYUliP89RhgC37DBH1x20U5zPSZMy3cMEcO0j3793rbHP9MWsknBwQB6eozRzWmYrh0IFM/p20EbPvDlYlg=="],

    "@oxfmt/binding-win32-ia32-msvc": ["@oxfmt/binding-win32-ia32-msvc@0.46.0", "", { "os": "win32", "cpu": "ia32" }, "sha512-3WTnoiuIr8XvV0DIY7SN+1uJSwKf4sPpcbHfobcRT9JutGcLaef/miyBB87jxd3aqH+mS0+G5lsgHuXLUwjjpQ=="],

    "@oxfmt/binding-win32-x64-msvc": ["@oxfmt/binding-win32-x64-msvc@0.46.0", "", { "os": "win32", "cpu": "x64" }, "sha512-IXxiQpkYnOwNfP23vzwSfhdpxJzyiPTY7eTn6dn3DsriKddESzM8i6kfq9R7CD/PUJwCvQT22NgtygBeug3KoA=="],

    "@oxlint/binding-android-arm-eabi": ["@oxlint/binding-android-arm-eabi@1.61.0", "", { "os": "android", "cpu": "arm" }, "sha512-6eZBPgiigK5txqoVgRqxbaxiom4lM8AP8CyKPPvpzKnQ3iFRFOIDc+0AapF+qsUSwjOzr5SGk4SxQDpQhkSJMQ=="],

    "@oxlint/binding-android-arm64": ["@oxlint/binding-android-arm64@1.61.0", "", { "os": "android", "cpu": "arm64" }, "sha512-CkwLR69MUnyv5wjzebvbbtTSUwqLxM35CXE79bHqDIK+NtKmPEUpStTcLQRZMCo4MP0qRT6TXIQVpK0ZVScnMA=="],

    "@oxlint/binding-darwin-arm64": ["@oxlint/binding-darwin-arm64@1.61.0", "", { "os": "darwin", "cpu": "arm64" }, "sha512-8JbefTkbmvqkqWjmQrHke+MdpgT2UghhD/ktM4FOQSpGeCgbMToJEKdl9zwhr/YWTl92i4QI1KiTwVExpcUN8A=="],

    "@oxlint/binding-darwin-x64": ["@oxlint/binding-darwin-x64@1.61.0", "", { "os": "darwin", "cpu": "x64" }, "sha512-uWpoxDT47hTnDLcdEh5jVbso8rlTTu5o0zuqa9J8E0JAKmIWn7kGFEIB03Pycn2hd2vKxybPGLhjURy/9We5FQ=="],

    "@oxlint/binding-freebsd-x64": ["@oxlint/binding-freebsd-x64@1.61.0", "", { "os": "freebsd", "cpu": "x64" }, "sha512-K/o4hEyW7flfMel0iBVznmMBt7VIMHGdjADocHKpK1DUF9erpWnJ+BSSWd2W0c8K3mPtpph+CuHzRU6CI3l9jQ=="],

    "@oxlint/binding-linux-arm-gnueabihf": ["@oxlint/binding-linux-arm-gnueabihf@1.61.0", "", { "os": "linux", "cpu": "arm" }, "sha512-P6040ZkcyweJ0Po9yEFqJCdvZnf3VNCGs1SIHgXDf8AAQNC6ID/heXQs9iSgo2FH7gKaKq32VWc59XZwL34C5Q=="],

    "@oxlint/binding-linux-arm-musleabihf": ["@oxlint/binding-linux-arm-musleabihf@1.61.0", "", { "os": "linux", "cpu": "arm" }, "sha512-bwxrGCzTZkuB+THv2TQ1aTkVEfv5oz8sl+0XZZCpoYzErJD8OhPQOTA0ENPd1zJz8QsVdSzSrS2umKtPq4/JXg=="],

    "@oxlint/binding-linux-arm64-gnu": ["@oxlint/binding-linux-arm64-gnu@1.61.0", "", { "os": "linux", "cpu": "arm64" }, "sha512-vkhb9/wKguMkLlrm3FoJW/Xmdv31GgYAE+x8lxxQ+7HeOxXUySI0q36a3NTVIuQUdLzxCI1zzMGsk1o37FOe3w=="],

    "@oxlint/binding-linux-arm64-musl": ["@oxlint/binding-linux-arm64-musl@1.61.0", "", { "os": "linux", "cpu": "arm64" }, "sha512-bl1dQh8LnVqsj6oOQAcxwbuOmNJkwc4p6o//HTBZhNTzJy21TLDwAviMqUFNUxDHkPGpmdKTSN4tWTjLryP8xg=="],

    "@oxlint/binding-linux-ppc64-gnu": ["@oxlint/binding-linux-ppc64-gnu@1.61.0", "", { "os": "linux", "cpu": "ppc64" }, "sha512-QoOX6KB2IiEpyOj/HKqaxi+NQHPnOgNgnr22n9N4ANJCzXkUlj1UmeAbFb4PpqdlHIzvGDM5xZ0OKtcLq9RhiQ=="],

    "@oxlint/binding-linux-riscv64-gnu": ["@oxlint/binding-linux-riscv64-gnu@1.61.0", "", { "os": "linux", "cpu": "none" }, "sha512-1TGcTerjY6p152wCof3oKElccq3xHljS/Mucp04gV/4ATpP6nO7YNnp7opEg6SHkv2a57/b4b8Ndm9znJ1/qAw=="],

    "@oxlint/binding-linux-riscv64-musl": ["@oxlint/binding-linux-riscv64-musl@1.61.0", "", { "os": "linux", "cpu": "none" }, "sha512-65wXEmZIrX2ADwC8i/qFL4EWLSbeuBpAm3suuX1vu4IQkKd+wLT/HU/BOl84kp91u2SxPkPDyQgu4yrqp8vwVA=="],

    "@oxlint/binding-linux-s390x-gnu": ["@oxlint/binding-linux-s390x-gnu@1.61.0", "", { "os": "linux", "cpu": "s390x" }, "sha512-TVvhgMvor7Qa6COeXxCJ7ENOM+lcAOGsQ0iUdPSCv2hxb9qSHLQ4XF1h50S6RE1gBOJ0WV3rNukg4JJJP1LWRA=="],

    "@oxlint/binding-linux-x64-gnu": ["@oxlint/binding-linux-x64-gnu@1.61.0", "", { "os": "linux", "cpu": "x64" }, "sha512-SjpS5uYuFoDnDdZPwZE59ndF95AsY47R5MliuneTWR1pDm2CxGJaYXbKULI71t5TVfLQUWmrHEGRL9xvuq6dnA=="],

    "@oxlint/binding-linux-x64-musl": ["@oxlint/binding-linux-x64-musl@1.61.0", "", { "os": "linux", "cpu": "x64" }, "sha512-gGfAeGD4sNJGILZbc/yKcIimO9wQnPMoYp9swAaKeEtwsSQAbU+rsdQze5SBtIP6j0QDzeYd4XSSUCRCF+LIeQ=="],

    "@oxlint/binding-openharmony-arm64": ["@oxlint/binding-openharmony-arm64@1.61.0", "", { "os": "none", "cpu": "arm64" }, "sha512-OlVT0LrG/ct33EVtWRyR+B/othwmDWeRxfi13wUdPeb3lAT5TgTcFDcfLfarZtzB4W1nWF/zICMgYdkggX2WmQ=="],

    "@oxlint/binding-win32-arm64-msvc": ["@oxlint/binding-win32-arm64-msvc@1.61.0", "", { "os": "win32", "cpu": "arm64" }, "sha512-vI//NZPJk6DToiovPtaiwD4iQ7kO1r5ReWQD0sOOyKRtP3E2f6jxin4uvwi3OvDzHA2EFfd7DcZl5dtkQh7g1w=="],

    "@oxlint/binding-win32-ia32-msvc": ["@oxlint/binding-win32-ia32-msvc@1.61.0", "", { "os": "win32", "cpu": "ia32" }, "sha512-0ySj4/4zd2XjePs3XAQq7IigIstN4LPQZgCyigX5/ERMLjdWAJfnxcTsrtxZxuij8guJW8foXuHmhGxW0H4dDA=="],

    "@oxlint/binding-win32-x64-msvc": ["@oxlint/binding-win32-x64-msvc@1.61.0", "", { "os": "win32", "cpu": "x64" }, "sha512-0xgSiyeqDLDZxXoe9CVJrOx3TUVsfyoOY7cNi03JbItNcC9WCZqrSNdrAbHONxhSPaVh/lzfnDcON1RqSUMhHw=="],

    "@radix-ui/react-compose-refs": ["@radix-ui/react-compose-refs@1.1.2", "", { "peerDependencies": { "@types/react": "*", "react": "^16.8 || ^17.0 || ^18.0 || ^19.0 || ^19.0.0-rc" }, "optionalPeers": ["@types/react"] }, "sha512-z4eqJvfiNnFMHIIvXP3CY57y2WJs5g2v3X0zm9mEJkrkNv4rDxu+sg9Jh8EkXyeqBkB7SOcboo9dMVqhyrACIg=="],

    "@radix-ui/react-primitive": ["@radix-ui/react-primitive@2.1.4", "", { "dependencies": { "@radix-ui/react-slot": "1.2.4" }, "peerDependencies": { "@types/react": "*", "@types/react-dom": "*", "react": "^16.8 || ^17.0 || ^18.0 || ^19.0 || ^19.0.0-rc", "react-dom": "^16.8 || ^17.0 || ^18.0 || ^19.0 || ^19.0.0-rc" }, "optionalPeers": ["@types/react", "@types/react-dom"] }, "sha512-9hQc4+GNVtJAIEPEqlYqW5RiYdrr8ea5XQ0ZOnD6fgru+83kqT15mq2OCcbe8KnjRZl5vF3ks69AKz3kh1jrhg=="],

    "@radix-ui/react-separator": ["@radix-ui/react-separator@1.1.8", "", { "dependencies": { "@radix-ui/react-primitive": "2.1.4" }, "peerDependencies": { "@types/react": "*", "@types/react-dom": "*", "react": "^16.8 || ^17.0 || ^18.0 || ^19.0 || ^19.0.0-rc", "react-dom": "^16.8 || ^17.0 || ^18.0 || ^19.0 || ^19.0.0-rc" }, "optionalPeers": ["@types/react", "@types/react-dom"] }, "sha512-sDvqVY4itsKwwSMEe0jtKgfTh+72Sy3gPmQpjqcQneqQ4PFmr/1I0YA+2/puilhggCe2gJcx5EBAYFkWkdpa5g=="],

    "@radix-ui/react-slot": ["@radix-ui/react-slot@1.2.4", "", { "dependencies": { "@radix-ui/react-compose-refs": "1.1.2" }, "peerDependencies": { "@types/react": "*", "react": "^16.8 || ^17.0 || ^18.0 || ^19.0 || ^19.0.0-rc" }, "optionalPeers": ["@types/react"] }, "sha512-Jl+bCv8HxKnlTLVrcDE8zTMJ09R9/ukw4qBs/oZClOfoQk/cOTbDn+NceXfV7j09YPVQUryJPHurafcSg6EVKA=="],

    "@swc/helpers": ["@swc/helpers@0.5.15", "", { "dependencies": { "tslib": "^2.8.0" } }, "sha512-JQ5TuMi45Owi4/BIMAJBoSQoOJu12oOk/gADqlcUL9JEdHB8vyjUSsxqeNXnmXHjYKMi2WcYtezGEEhqUI/E2g=="],

    "@tailwindcss/node": ["@tailwindcss/node@4.2.4", "", { "dependencies": { "@jridgewell/remapping": "^2.3.5", "enhanced-resolve": "^5.19.0", "jiti": "^2.6.1", "lightningcss": "1.32.0", "magic-string": "^0.30.21", "source-map-js": "^1.2.1", "tailwindcss": "4.2.4" } }, "sha512-Ai7+yQPxz3ddrDQzFfBKdHEVBg0w3Zl83jnjuwxnZOsnH9pGn93QHQtpU0p/8rYWxvbFZHneni6p1BSLK4DkGA=="],

    "@tailwindcss/oxide": ["@tailwindcss/oxide@4.2.4", "", { "optionalDependencies": { "@tailwindcss/oxide-android-arm64": "4.2.4", "@tailwindcss/oxide-darwin-arm64": "4.2.4", "@tailwindcss/oxide-darwin-x64": "4.2.4", "@tailwindcss/oxide-freebsd-x64": "4.2.4", "@tailwindcss/oxide-linux-arm-gnueabihf": "4.2.4", "@tailwindcss/oxide-linux-arm64-gnu": "4.2.4", "@tailwindcss/oxide-linux-arm64-musl": "4.2.4", "@tailwindcss/oxide-linux-x64-gnu": "4.2.4", "@tailwindcss/oxide-linux-x64-musl": "4.2.4", "@tailwindcss/oxide-wasm32-wasi": "4.2.4", "@tailwindcss/oxide-win32-arm64-msvc": "4.2.4", "@tailwindcss/oxide-win32-x64-msvc": "4.2.4" } }, "sha512-9El/iI069DKDSXwTvB9J4BwdO5JhRrOweGaK25taBAvBXyXqJAX+Jqdvs8r8gKpsI/1m0LeJLyQYTf/WLrBT1Q=="],

    "@tailwindcss/oxide-android-arm64": ["@tailwindcss/oxide-android-arm64@4.2.4", "", { "os": "android", "cpu": "arm64" }, "sha512-e7MOr1SAn9U8KlZzPi1ZXGZHeC5anY36qjNwmZv9pOJ8E4Q6jmD1vyEHkQFmNOIN7twGPEMXRHmitN4zCMN03g=="],

    "@tailwindcss/oxide-darwin-arm64": ["@tailwindcss/oxide-darwin-arm64@4.2.4", "", { "os": "darwin", "cpu": "arm64" }, "sha512-tSC/Kbqpz/5/o/C2sG7QvOxAKqyd10bq+ypZNf+9Fi2TvbVbv1zNpcEptcsU7DPROaSbVgUXmrzKhurFvo5eDg=="],

    "@tailwindcss/oxide-darwin-x64": ["@tailwindcss/oxide-darwin-x64@4.2.4", "", { "os": "darwin", "cpu": "x64" }, "sha512-yPyUXn3yO/ufR6+Kzv0t4fCg2qNr90jxXc5QqBpjlPNd0NqyDXcmQb/6weunH/MEDXW5dhyEi+agTDiqa3WsGg=="],

    "@tailwindcss/oxide-freebsd-x64": ["@tailwindcss/oxide-freebsd-x64@4.2.4", "", { "os": "freebsd", "cpu": "x64" }, "sha512-BoMIB4vMQtZsXdGLVc2z+P9DbETkiopogfWZKbWwM8b/1Vinbs4YcUwo+kM/KeLkX3Ygrf4/PsRndKaYhS8Eiw=="],

    "@tailwindcss/oxide-linux-arm-gnueabihf": ["@tailwindcss/oxide-linux-arm-gnueabihf@4.2.4", "", { "os": "linux", "cpu": "arm" }, "sha512-7pIHBLTHYRAlS7V22JNuTh33yLH4VElwKtB3bwchK/UaKUPpQ0lPQiOWcbm4V3WP2I6fNIJ23vABIvoy2izdwA=="],

    "@tailwindcss/oxide-linux-arm64-gnu": ["@tailwindcss/oxide-linux-arm64-gnu@4.2.4", "", { "os": "linux", "cpu": "arm64" }, "sha512-+E4wxJ0ZGOzSH325reXTWB48l42i93kQqMvDyz5gqfRzRZ7faNhnmvlV4EPGJU3QJM/3Ab5jhJ5pCRUsKn6OQw=="],

    "@tailwindcss/oxide-linux-arm64-musl": ["@tailwindcss/oxide-linux-arm64-musl@4.2.4", "", { "os": "linux", "cpu": "arm64" }, "sha512-bBADEGAbo4ASnppIziaQJelekCxdMaxisrk+fB7Thit72IBnALp9K6ffA2G4ruj90G9XRS2VQ6q2bCKbfFV82g=="],

    "@tailwindcss/oxide-linux-x64-gnu": ["@tailwindcss/oxide-linux-x64-gnu@4.2.4", "", { "os": "linux", "cpu": "x64" }, "sha512-7Mx25E4WTfnht0TVRTyC00j3i0M+EeFe7wguMDTlX4mRxafznw0CA8WJkFjWYH5BlgELd1kSjuU2JiPnNZbJDA=="],

    "@tailwindcss/oxide-linux-x64-musl": ["@tailwindcss/oxide-linux-x64-musl@4.2.4", "", { "os": "linux", "cpu": "x64" }, "sha512-2wwJRF7nyhOR0hhHoChc04xngV3iS+akccHTGtz965FwF0up4b2lOdo6kI1EbDaEXKgvcrFBYcYQQ/rrnWFVfA=="],

    "@tailwindcss/oxide-wasm32-wasi": ["@tailwindcss/oxide-wasm32-wasi@4.2.4", "", { "dependencies": { "@emnapi/core": "^1.8.1", "@emnapi/runtime": "^1.8.1", "@emnapi/wasi-threads": "^1.1.0", "@napi-rs/wasm-runtime": "^1.1.1", "@tybys/wasm-util": "^0.10.1", "tslib": "^2.8.1" }, "cpu": "none" }, "sha512-FQsqApeor8Fo6gUEklzmaa9994orJZZDBAlQpK2Mq+DslRKFJeD6AjHpBQ0kZFQohVr8o85PPh8eOy86VlSCmw=="],

    "@tailwindcss/oxide-win32-arm64-msvc": ["@tailwindcss/oxide-win32-arm64-msvc@4.2.4", "", { "os": "win32", "cpu": "arm64" }, "sha512-L9BXqxC4ToVgwMFqj3pmZRqyHEztulpUJzCxUtLjobMCzTPsGt1Fa9enKbOpY2iIyVtaHNeNvAK8ERP/64sqGQ=="],

    "@tailwindcss/oxide-win32-x64-msvc": ["@tailwindcss/oxide-win32-x64-msvc@4.2.4", "", { "os": "win32", "cpu": "x64" }, "sha512-ESlKG0EpVJQwRjXDDa9rLvhEAh0mhP1sF7sap9dNZT0yyl9SAG6T7gdP09EH0vIv0UNTlo6jPWyujD6559fZvw=="],

    "@tailwindcss/postcss": ["@tailwindcss/postcss@4.2.4", "", { "dependencies": { "@alloc/quick-lru": "^5.2.0", "@tailwindcss/node": "4.2.4", "@tailwindcss/oxide": "4.2.4", "postcss": "^8.5.6", "tailwindcss": "4.2.4" } }, "sha512-wgAVj6nUWAolAu8YFvzT2cTBIElWHkjZwFYovF+xsqKsW2ADxM/X2opxj5NsF/qVccAOjRNe8X2IdPzMsWyHTg=="],

    "@takumi-rs/core": ["@takumi-rs/core@1.1.2", "", { "dependencies": { "@takumi-rs/helpers": "1.1.2" }, "optionalDependencies": { "@takumi-rs/core-darwin-arm64": "1.1.2", "@takumi-rs/core-darwin-x64": "1.1.2", "@takumi-rs/core-linux-arm64-gnu": "1.1.2", "@takumi-rs/core-linux-arm64-musl": "1.1.2", "@takumi-rs/core-linux-x64-gnu": "1.1.2", "@takumi-rs/core-linux-x64-musl": "1.1.2", "@takumi-rs/core-win32-arm64-msvc": "1.1.2", "@takumi-rs/core-win32-x64-msvc": "1.1.2" } }, "sha512-JI0kUis5MCPzOt2sCahBZLVJERpp1t1fXTRBaBbCGploUa/hqRA9HW6Nr+tccDM/C6wy9FDrJnI4SB56W0HfDA=="],

    "@takumi-rs/core-darwin-arm64": ["@takumi-rs/core-darwin-arm64@1.1.2", "", { "os": "darwin", "cpu": "arm64" }, "sha512-CLPzikYAND2xFm0Lg5HKImCOnl+Sue4F/WIcm1Z2ykL7h2r9rWDBzcFqGhAEFj9onMJH6c60Mph8kDa1jdj2rQ=="],

    "@takumi-rs/core-darwin-x64": ["@takumi-rs/core-darwin-x64@1.1.2", "", { "os": "darwin", "cpu": "x64" }, "sha512-eH351x+BJOMdLQgUoVKEIfTQbBjR6Dv7rzTLZUdWwbbwjEe38geCNsxQunHQ96nsB7M+0sGc8aJjOkd+0qoK3g=="],

    "@takumi-rs/core-linux-arm64-gnu": ["@takumi-rs/core-linux-arm64-gnu@1.1.2", "", { "os": "linux", "cpu": "arm64" }, "sha512-2cuSnKWAfQjQwS+7aprz0LRkztPVsGqWGTto0TydVI81z7sNyC4kZWoJMTpkNb3439HB03UBStQVacgUeVOL+w=="],

    "@takumi-rs/core-linux-arm64-musl": ["@takumi-rs/core-linux-arm64-musl@1.1.2", "", { "os": "linux", "cpu": "arm64" }, "sha512-7OIdvVy6lbr49LIBe96uvlOg4Awmye5w+DgL4d0rRi1Zv7bmY23ciBCGaM+7jjkZgcThGrlZKz1Ecopx56pPqA=="],

    "@takumi-rs/core-linux-x64-gnu": ["@takumi-rs/core-linux-x64-gnu@1.1.2", "", { "os": "linux", "cpu": "x64" }, "sha512-IXEhQjGSGye+kwawDad00kN2cLpj1rPF5u0K4KsANvWxa/dho32Nnw+RX8cCtPGiuvEKhtENxtdc7pVSx1E84g=="],

    "@takumi-rs/core-linux-x64-musl": ["@takumi-rs/core-linux-x64-musl@1.1.2", "", { "os": "linux", "cpu": "x64" }, "sha512-Q2vuZCwQ/XmHwwbJxSKNNEKdWdhsvBMhTF8pyyGti5s44yx7W6+a0MkDdMRAkStzDhH6HeZlpknpHcUk4R4g8w=="],

    "@takumi-rs/core-win32-arm64-msvc": ["@takumi-rs/core-win32-arm64-msvc@1.1.2", "", { "os": "win32", "cpu": "arm64" }, "sha512-CKpslxYCltih/lL+h7xkVzsfIZtDcXp3WGk01fudgx82Ic87b/jjRMX5KE4f/exkgrKxshRF4yCQGGeQ3vIhiw=="],

    "@takumi-rs/core-win32-x64-msvc": ["@takumi-rs/core-win32-x64-msvc@1.1.2", "", { "os": "win32", "cpu": "x64" }, "sha512-c+n2vPpDscMuTHZ29eJp8did5tlJ/KKBKicc51D6AdkA5jhr7MLeryzIKe3ob59iQttWYd/1j4+tUwoO6yEusg=="],

    "@takumi-rs/helpers": ["@takumi-rs/helpers@1.1.2", "", { "peerDependencies": { "react": "^19.2.5", "react-dom": "^18.0.0 || ^19.0.0" }, "optionalPeers": ["react", "react-dom"] }, "sha512-Edvmk7UzPhlbUCYpIqeBBfq9h/lAeWAhtwIhJJ10vxv7qNWjgfIPakzNWeAYhFVj8KT5y47S3RLT3cKVniqI5g=="],

    "@takumi-rs/wasm": ["@takumi-rs/wasm@1.1.2", "", { "dependencies": { "@takumi-rs/helpers": "1.1.2" } }, "sha512-in2kLgFp6nuXie5q7blvRk8m/3UuvNDtc5SEFUh6Eu2yn20PcElj1VMdXhQhn+IN0h119BUWWdJ3AuEuh8PiDg=="],

    "@types/bun": ["@types/bun@1.3.13", "", { "dependencies": { "bun-types": "1.3.13" } }, "sha512-9fqXWk5YIHGGnUau9TEi+qdlTYDAnOj+xLCmSTwXfAIqXr2x4tytJb43E9uCvt09zJURKXwAtkoH4nLQfzeTXw=="],

    "@types/node": ["@types/node@25.6.0", "", { "dependencies": { "undici-types": "~7.19.0" } }, "sha512-+qIYRKdNYJwY3vRCZMdJbPLJAtGjQBudzZzdzwQYkEPQd+PJGixUL5QfvCLDaULoLv+RhT3LDkwEfKaAkgSmNQ=="],

    "@types/react": ["@types/react@19.2.14", "", { "dependencies": { "csstype": "^3.2.2" } }, "sha512-ilcTH/UniCkMdtexkoCN0bI7pMcJDvmQFPvuPvmEaYA/NSfFTAgdUSLAoVjaRJm7+6PvcM+q1zYOwS4wTYMF9w=="],

    "@types/react-dom": ["@types/react-dom@19.2.3", "", { "peerDependencies": { "@types/react": "^19.2.0" } }, "sha512-jp2L/eY6fn+KgVVQAOqYItbF0VY/YApe5Mz2F0aykSO8gx31bYCZyvSeYxCHKvzHG5eZjc+zyaS5BrBWya2+kQ=="],

    "baseline-browser-mapping": ["baseline-browser-mapping@2.10.0", "", { "bin": { "baseline-browser-mapping": "dist/cli.cjs" } }, "sha512-lIyg0szRfYbiy67j9KN8IyeD7q7hcmqnJ1ddWmNt19ItGpNN64mnllmxUNFIOdOm6by97jlL6wfpTTJrmnjWAA=="],

    "bun-types": ["bun-types@1.3.13", "", { "dependencies": { "@types/node": "*" } }, "sha512-QXKeHLlOLqQX9LgYaHJfzdBaV21T63HhFJnvuRCcjZiaUDpbs5ED1MgxbMra71CsryN/1dAoXuJJJwIv/2drVA=="],

    "caniuse-lite": ["caniuse-lite@1.0.30001754", "", {}, "sha512-x6OeBXueoAceOmotzx3PO4Zpt4rzpeIFsSr6AAePTZxSkXiYDUmpypEl7e2+8NCd9bD7bXjqyef8CJYPC1jfxg=="],

    "class-variance-authority": ["class-variance-authority@0.7.1", "", { "dependencies": { "clsx": "^2.1.1" } }, "sha512-Ka+9Trutv7G8M6WT6SeiRWz792K5qEqIGEGzXKhAE6xOWAY6pPH8U+9IY3oCMv6kqTmLsv7Xh/2w2RigkePMsg=="],

    "client-only": ["client-only@0.0.1", "", {}, "sha512-IV3Ou0jSMzZrd3pZ48nLkT9DA7Ag1pnPzaiQhpW7c3RbcqqzvzzVu+L8gfqMp/8IM2MQtSiqaCxrrcfu8I8rMA=="],

    "clsx": ["clsx@2.1.1", "", {}, "sha512-eYm0QWBtUrBWZWG0d386OGAw16Z995PiOVo2B7bjWSbHedGl5e0ZWaq65kOGgUSNesEIDkB9ISbTg/JK9dhCZA=="],

    "csstype": ["csstype@3.2.3", "", {}, "sha512-z1HGKcYy2xA8AGQfwrn0PAy+PB7X/GSj3UVJW9qKyn43xWa+gl5nXmU4qqLMRzWVLFC8KusUX8T/0kCiOYpAIQ=="],

    "detect-libc": ["detect-libc@2.1.2", "", {}, "sha512-Btj2BOOO83o3WyH59e8MgXsxEQVcarkUOpEYrubB0urwnN10yQ364rsiByU11nZlqWYZm05i/of7io4mzihBtQ=="],

    "enhanced-resolve": ["enhanced-resolve@5.19.0", "", { "dependencies": { "graceful-fs": "^4.2.4", "tapable": "^2.3.0" } }, "sha512-phv3E1Xl4tQOShqSte26C7Fl84EwUdZsyOuSSk9qtAGyyQs2s3jJzComh+Abf4g187lUUAvH+H26omrqia2aGg=="],

    "geist": ["geist@1.7.0", "", { "peerDependencies": { "next": ">=13.2.0" } }, "sha512-ZaoiZwkSf0DwwB1ncdLKp+ggAldqxl5L1+SXaNIBGkPAqcu+xjVJLxlf3/S8vLt9UHx1xu5fz3lbzKCj5iOVdQ=="],

    "graceful-fs": ["graceful-fs@4.2.11", "", {}, "sha512-RbJ5/jmFcNNCcDV5o9eTnBLJ/HszWV0P73bc+Ff4nS/rJj+YaS6IGyiOL0VoBYX+l1Wrl3k63h/KrH+nhJ0XvQ=="],

    "jiti": ["jiti@2.6.1", "", { "bin": { "jiti": "lib/jiti-cli.mjs" } }, "sha512-ekilCSN1jwRvIbgeg/57YFh8qQDNbwDb9xT/qu2DAHbFFZUicIl4ygVaAvzveMhMVr3LnpSKTNnwt8PoOfmKhQ=="],

    "lightningcss": ["lightningcss@1.32.0", "", { "dependencies": { "detect-libc": "^2.0.3" }, "optionalDependencies": { "lightningcss-android-arm64": "1.32.0", "lightningcss-darwin-arm64": "1.32.0", "lightningcss-darwin-x64": "1.32.0", "lightningcss-freebsd-x64": "1.32.0", "lightningcss-linux-arm-gnueabihf": "1.32.0", "lightningcss-linux-arm64-gnu": "1.32.0", "lightningcss-linux-arm64-musl": "1.32.0", "lightningcss-linux-x64-gnu": "1.32.0", "lightningcss-linux-x64-musl": "1.32.0", "lightningcss-win32-arm64-msvc": "1.32.0", "lightningcss-win32-x64-msvc": "1.32.0" } }, "sha512-NXYBzinNrblfraPGyrbPoD19C1h9lfI/1mzgWYvXUTe414Gz/X1FD2XBZSZM7rRTrMA8JL3OtAaGifrIKhQ5yQ=="],

    "lightningcss-android-arm64": ["lightningcss-android-arm64@1.32.0", "", { "os": "android", "cpu": "arm64" }, "sha512-YK7/ClTt4kAK0vo6w3X+Pnm0D2cf2vPHbhOXdoNti1Ga0al1P4TBZhwjATvjNwLEBCnKvjJc2jQgHXH0NEwlAg=="],

    "lightningcss-darwin-arm64": ["lightningcss-darwin-arm64@1.32.0", "", { "os": "darwin", "cpu": "arm64" }, "sha512-RzeG9Ju5bag2Bv1/lwlVJvBE3q6TtXskdZLLCyfg5pt+HLz9BqlICO7LZM7VHNTTn/5PRhHFBSjk5lc4cmscPQ=="],

    "lightningcss-darwin-x64": ["lightningcss-darwin-x64@1.32.0", "", { "os": "darwin", "cpu": "x64" }, "sha512-U+QsBp2m/s2wqpUYT/6wnlagdZbtZdndSmut/NJqlCcMLTWp5muCrID+K5UJ6jqD2BFshejCYXniPDbNh73V8w=="],

    "lightningcss-freebsd-x64": ["lightningcss-freebsd-x64@1.32.0", "", { "os": "freebsd", "cpu": "x64" }, "sha512-JCTigedEksZk3tHTTthnMdVfGf61Fky8Ji2E4YjUTEQX14xiy/lTzXnu1vwiZe3bYe0q+SpsSH/CTeDXK6WHig=="],

    "lightningcss-linux-arm-gnueabihf": ["lightningcss-linux-arm-gnueabihf@1.32.0", "", { "os": "linux", "cpu": "arm" }, "sha512-x6rnnpRa2GL0zQOkt6rts3YDPzduLpWvwAF6EMhXFVZXD4tPrBkEFqzGowzCsIWsPjqSK+tyNEODUBXeeVHSkw=="],

    "lightningcss-linux-arm64-gnu": ["lightningcss-linux-arm64-gnu@1.32.0", "", { "os": "linux", "cpu": "arm64" }, "sha512-0nnMyoyOLRJXfbMOilaSRcLH3Jw5z9HDNGfT/gwCPgaDjnx0i8w7vBzFLFR1f6CMLKF8gVbebmkUN3fa/kQJpQ=="],

    "lightningcss-linux-arm64-musl": ["lightningcss-linux-arm64-musl@1.32.0", "", { "os": "linux", "cpu": "arm64" }, "sha512-UpQkoenr4UJEzgVIYpI80lDFvRmPVg6oqboNHfoH4CQIfNA+HOrZ7Mo7KZP02dC6LjghPQJeBsvXhJod/wnIBg=="],

    "lightningcss-linux-x64-gnu": ["lightningcss-linux-x64-gnu@1.32.0", "", { "os": "linux", "cpu": "x64" }, "sha512-V7Qr52IhZmdKPVr+Vtw8o+WLsQJYCTd8loIfpDaMRWGUZfBOYEJeyJIkqGIDMZPwPx24pUMfwSxxI8phr/MbOA=="],

    "lightningcss-linux-x64-musl": ["lightningcss-linux-x64-musl@1.32.0", "", { "os": "linux", "cpu": "x64" }, "sha512-bYcLp+Vb0awsiXg/80uCRezCYHNg1/l3mt0gzHnWV9XP1W5sKa5/TCdGWaR/zBM2PeF/HbsQv/j2URNOiVuxWg=="],

    "lightningcss-win32-arm64-msvc": ["lightningcss-win32-arm64-msvc@1.32.0", "", { "os": "win32", "cpu": "arm64" }, "sha512-8SbC8BR40pS6baCM8sbtYDSwEVQd4JlFTOlaD3gWGHfThTcABnNDBda6eTZeqbofalIJhFx0qKzgHJmcPTnGdw=="],

    "lightningcss-win32-x64-msvc": ["lightningcss-win32-x64-msvc@1.32.0", "", { "os": "win32", "cpu": "x64" }, "sha512-Amq9B/SoZYdDi1kFrojnoqPLxYhQ4Wo5XiL8EVJrVsB8ARoC1PWW6VGtT0WKCemjy8aC+louJnjS7U18x3b06Q=="],

    "lucide-react": ["lucide-react@1.11.0", "", { "peerDependencies": { "react": "^16.5.1 || ^17.0.0 || ^18.0.0 || ^19.0.0" } }, "sha512-UOhjdztXCgdBReRcIhsvz2siIBogfv/lhJEIViCpLt924dO+GDms9T7DNoucI23s6kEPpe988m5N0D2ajnzb2g=="],

    "magic-string": ["magic-string@0.30.21", "", { "dependencies": { "@jridgewell/sourcemap-codec": "^1.5.5" } }, "sha512-vd2F4YUyEXKGcLHoq+TEyCjxueSeHnFxyyjNp80yg0XV4vUhnDer/lvvlqM/arB5bXQN5K2/3oinyCRyx8T2CQ=="],

    "mitata": ["mitata@1.0.34", "", {}, "sha512-Mc3zrtNBKIMeHSCQ0XqRLo1vbdIx1wvFV9c8NJAiyho6AjNfMY8bVhbS12bwciUdd1t4rj8099CH3N3NFahaUA=="],

    "nanoid": ["nanoid@3.3.11", "", { "bin": { "nanoid": "bin/nanoid.cjs" } }, "sha512-N8SpfPUnUp1bK+PMYW8qSWdl9U+wwNWI4QKxOYDy9JAro3WMX7p2OeVRF9v+347pnakNevPmiHhNmZ2HbFA76w=="],

    "next": ["next@16.2.4", "", { "dependencies": { "@next/env": "16.2.4", "@swc/helpers": "0.5.15", "baseline-browser-mapping": "^2.9.19", "caniuse-lite": "^1.0.30001579", "postcss": "8.4.31", "styled-jsx": "5.1.6" }, "optionalDependencies": { "@next/swc-darwin-arm64": "16.2.4", "@next/swc-darwin-x64": "16.2.4", "@next/swc-linux-arm64-gnu": "16.2.4", "@next/swc-linux-arm64-musl": "16.2.4", "@next/swc-linux-x64-gnu": "16.2.4", "@next/swc-linux-x64-musl": "16.2.4", "@next/swc-win32-arm64-msvc": "16.2.4", "@next/swc-win32-x64-msvc": "16.2.4", "sharp": "^0.34.5" }, "peerDependencies": { "@opentelemetry/api": "^1.1.0", "@playwright/test": "^1.51.1", "babel-plugin-react-compiler": "*", "react": "^18.2.0 || 19.0.0-rc-de68d2f4-20241204 || ^19.0.0", "react-dom": "^18.2.0 || 19.0.0-rc-de68d2f4-20241204 || ^19.0.0", "sass": "^1.3.0" }, "optionalPeers": ["@opentelemetry/api", "@playwright/test", "babel-plugin-react-compiler", "sass"], "bin": { "next": "dist/bin/next" } }, "sha512-kPvz56wF5frc+FxlHI5qnklCzbq53HTwORaWBGdT0vNoKh1Aya9XC8aPauH4NJxqtzbWsS5mAbctm4cr+EkQ2Q=="],

    "nstr": ["nstr@0.1.3", "", {}, "sha512-8JEagITWMjggz2Ofmgkax8tFR5xRQ2Q4AB6jj0JvmhHB5Myd9AHn1H05k6bXyMyOWXFkFBjqvpAudQMaPaFQow=="],

    "oxfmt": ["oxfmt@0.46.0", "", { "dependencies": { "tinypool": "2.1.0" }, "optionalDependencies": { "@oxfmt/binding-android-arm-eabi": "0.46.0", "@oxfmt/binding-android-arm64": "0.46.0", "@oxfmt/binding-darwin-arm64": "0.46.0", "@oxfmt/binding-darwin-x64": "0.46.0", "@oxfmt/binding-freebsd-x64": "0.46.0", "@oxfmt/binding-linux-arm-gnueabihf": "0.46.0", "@oxfmt/binding-linux-arm-musleabihf": "0.46.0", "@oxfmt/binding-linux-arm64-gnu": "0.46.0", "@oxfmt/binding-linux-arm64-musl": "0.46.0", "@oxfmt/binding-linux-ppc64-gnu": "0.46.0", "@oxfmt/binding-linux-riscv64-gnu": "0.46.0", "@oxfmt/binding-linux-riscv64-musl": "0.46.0", "@oxfmt/binding-linux-s390x-gnu": "0.46.0", "@oxfmt/binding-linux-x64-gnu": "0.46.0", "@oxfmt/binding-linux-x64-musl": "0.46.0", "@oxfmt/binding-openharmony-arm64": "0.46.0", "@oxfmt/binding-win32-arm64-msvc": "0.46.0", "@oxfmt/binding-win32-ia32-msvc": "0.46.0", "@oxfmt/binding-win32-x64-msvc": "0.46.0" }, "bin": { "oxfmt": "bin/oxfmt" } }, "sha512-CopwJOwPAjZ9p76fCvz+mSOJTw9/NY3cSksZK3VO/bUQ8UoEcketNgUuYS0UB3p+R9XnXe7wGGXUmyFxc7QxJA=="],

    "oxlint": ["oxlint@1.61.0", "", { "optionalDependencies": { "@oxlint/binding-android-arm-eabi": "1.61.0", "@oxlint/binding-android-arm64": "1.61.0", "@oxlint/binding-darwin-arm64": "1.61.0", "@oxlint/binding-darwin-x64": "1.61.0", "@oxlint/binding-freebsd-x64": "1.61.0", "@oxlint/binding-linux-arm-gnueabihf": "1.61.0", "@oxlint/binding-linux-arm-musleabihf": "1.61.0", "@oxlint/binding-linux-arm64-gnu": "1.61.0", "@oxlint/binding-linux-arm64-musl": "1.61.0", "@oxlint/binding-linux-ppc64-gnu": "1.61.0", "@oxlint/binding-linux-riscv64-gnu": "1.61.0", "@oxlint/binding-linux-riscv64-musl": "1.61.0", "@oxlint/binding-linux-s390x-gnu": "1.61.0", "@oxlint/binding-linux-x64-gnu": "1.61.0", "@oxlint/binding-linux-x64-musl": "1.61.0", "@oxlint/binding-openharmony-arm64": "1.61.0", "@oxlint/binding-win32-arm64-msvc": "1.61.0", "@oxlint/binding-win32-ia32-msvc": "1.61.0", "@oxlint/binding-win32-x64-msvc": "1.61.0" }, "peerDependencies": { "oxlint-tsgolint": ">=0.18.0" }, "optionalPeers": ["oxlint-tsgolint"], "bin": { "oxlint": "bin/oxlint" } }, "sha512-ZC0ALuhDZ6ivOFG+sy0D0pEDN49EvsId98zVlmYdkcXHsEM14m/qTNUEsUpiFiCVbpIxYtVBmmLE87nsbUHohQ=="],

    "picocolors": ["picocolors@1.1.1", "", {}, "sha512-xceH2snhtb5M9liqDsmEw56le376mTZkEX/jEb/RxNFyegNul7eNslCXP9FDj/Lcu0X8KEyMceP2ntpaHrDEVA=="],

    "postcss": ["postcss@8.5.6", "", { "dependencies": { "nanoid": "^3.3.11", "picocolors": "^1.1.1", "source-map-js": "^1.2.1" } }, "sha512-3Ybi1tAuwAP9s0r1UQ2J4n5Y0G05bJkpUIO0/bI9MhwmD70S5aTWbXGBwxHrelT+XM1k6dM0pk+SwNkpTRN7Pg=="],

    "pretty-bytes": ["pretty-bytes@7.1.0", "", {}, "sha512-nODzvTiYVRGRqAOvE84Vk5JDPyyxsVk0/fbA/bq7RqlnhksGpset09XTxbpvLTIjoaF7K8Z8DG8yHtKGTPSYRw=="],

    "react": ["react@19.2.5", "", {}, "sha512-llUJLzz1zTUBrskt2pwZgLq59AemifIftw4aB7JxOqf1HY2FDaGDxgwpAPVzHU1kdWabH7FauP4i1oEeer2WCA=="],

    "react-dom": ["react-dom@19.2.5", "", { "dependencies": { "scheduler": "^0.27.0" }, "peerDependencies": { "react": "^19.2.5" } }, "sha512-J5bAZz+DXMMwW/wV3xzKke59Af6CHY7G4uYLN1OvBcKEsWOs4pQExj86BBKamxl/Ik5bx9whOrvBlSDfWzgSag=="],

    "scheduler": ["scheduler@0.27.0", "", {}, "sha512-eNv+WrVbKu1f3vbYJT/xtiF5syA5HPIMtf9IgY/nKg0sWqzAUEvqY/xm7OcZc/qafLx/iO9FgOmeSAp4v5ti/Q=="],

    "semver": ["semver@7.7.3", "", { "bin": { "semver": "bin/semver.js" } }, "sha512-SdsKMrI9TdgjdweUSR9MweHA4EJ8YxHn8DFaDisvhVlUOe4BF1tLD7GAj0lIqWVl+dPb/rExr0Btby5loQm20Q=="],

    "sharp": ["sharp@0.34.5", "", { "dependencies": { "@img/colour": "^1.0.0", "detect-libc": "^2.1.2", "semver": "^7.7.3" }, "optionalDependencies": { "@img/sharp-darwin-arm64": "0.34.5", "@img/sharp-darwin-x64": "0.34.5", "@img/sharp-libvips-darwin-arm64": "1.2.4", "@img/sharp-libvips-darwin-x64": "1.2.4", "@img/sharp-libvips-linux-arm": "1.2.4", "@img/sharp-libvips-linux-arm64": "1.2.4", "@img/sharp-libvips-linux-ppc64": "1.2.4", "@img/sharp-libvips-linux-riscv64": "1.2.4", "@img/sharp-libvips-linux-s390x": "1.2.4", "@img/sharp-libvips-linux-x64": "1.2.4", "@img/sharp-libvips-linuxmusl-arm64": "1.2.4", "@img/sharp-libvips-linuxmusl-x64": "1.2.4", "@img/sharp-linux-arm": "0.34.5", "@img/sharp-linux-arm64": "0.34.5", "@img/sharp-linux-ppc64": "0.34.5", "@img/sharp-linux-riscv64": "0.34.5", "@img/sharp-linux-s390x": "0.34.5", "@img/sharp-linux-x64": "0.34.5", "@img/sharp-linuxmusl-arm64": "0.34.5", "@img/sharp-linuxmusl-x64": "0.34.5", "@img/sharp-wasm32": "0.34.5", "@img/sharp-win32-arm64": "0.34.5", "@img/sharp-win32-ia32": "0.34.5", "@img/sharp-win32-x64": "0.34.5" } }, "sha512-Ou9I5Ft9WNcCbXrU9cMgPBcCK8LiwLqcbywW3t4oDV37n1pzpuNLsYiAV8eODnjbtQlSDwZ2cUEeQz4E54Hltg=="],

    "source-map-js": ["source-map-js@1.2.1", "", {}, "sha512-UXWMKhLOwVKb728IUtQPXxfYU+usdybtUrK/8uGE8CQMvrhOpwvzDBwj0QhSL7MQc7vIsISBG8VQ8+IDQxpfQA=="],

    "styled-jsx": ["styled-jsx@5.1.6", "", { "dependencies": { "client-only": "0.0.1" }, "peerDependencies": { "react": ">= 16.8.0 || 17.x.x || ^18.0.0-0 || ^19.0.0-0" } }, "sha512-qSVyDTeMotdvQYoHWLNGwRFJHC+i+ZvdBRYosOFgC+Wg1vx4frN2/RG/NA7SYqqvKNLf39P2LSRA2pu6n0XYZA=="],

    "tagged-tag": ["tagged-tag@1.0.0", "", {}, "sha512-yEFYrVhod+hdNyx7g5Bnkkb0G6si8HJurOoOEgC8B/O0uXLHlaey/65KRv6cuWBNhBgHKAROVpc7QyYqE5gFng=="],

    "tailwind-merge": ["tailwind-merge@3.5.0", "", {}, "sha512-I8K9wewnVDkL1NTGoqWmVEIlUcB9gFriAEkXkfCjX5ib8ezGxtR3xD7iZIxrfArjEsH7F1CHD4RFUtxefdqV/A=="],

    "tailwindcss": ["tailwindcss@4.2.4", "", {}, "sha512-HhKppgO81FQof5m6TEnuBWCZGgfRAWbaeOaGT00KOy/Pf/j6oUihdvBpA7ltCeAvZpFhW3j0PTclkxsd4IXYDA=="],

    "takumi-js": ["takumi-js@1.1.2", "", { "dependencies": { "@takumi-rs/core": "1.1.2", "@takumi-rs/helpers": "1.1.2", "@takumi-rs/wasm": "1.1.2" } }, "sha512-S8Ff0zBUQJ8VC40r7y1RPBo5QXFXV3U868M+T8B8JGt5Tko8l83DVEr1BYLOxqUenEeev853S708oE0aD50eZA=="],

    "tapable": ["tapable@2.3.0", "", {}, "sha512-g9ljZiwki/LfxmQADO3dEY1CbpmXT5Hm2fJ+QaGKwSXUylMybePR7/67YW7jOrrvjEgL1Fmz5kzyAjWVWLlucg=="],

    "tinypool": ["tinypool@2.1.0", "", {}, "sha512-Pugqs6M0m7Lv1I7FtxN4aoyToKg1C4tu+/381vH35y8oENM/Ai7f7C4StcoK4/+BSw9ebcS8jRiVrORFKCALLw=="],

    "ts-extras": ["ts-extras@1.0.0", "", { "dependencies": { "type-fest": "^5.0.1" } }, "sha512-+TLxs47RxPDBowI0hwO2D92VeWkAsUygu6bdzGpWTkbOtEEZgyVRoLQbgJT0CO0QegviEN12RbT820xbmUaV4Q=="],

    "tslib": ["tslib@2.8.1", "", {}, "sha512-oJFu94HQb+KVduSUQL7wnpmqnfmLsOA/nAh6b6EH0wCEoK0/mPeXU6c3wKDV83MkOuHPRHtSXKKU99IBazS/2w=="],

    "tw-animate-css": ["tw-animate-css@1.4.0", "", {}, "sha512-7bziOlRqH0hJx80h/3mbicLW7o8qLsH5+RaLR2t+OHM3D0JlWGODQKQ4cxbK7WlvmUxpcj6Kgu6EKqjrGFe3QQ=="],

    "type-fest": ["type-fest@5.2.0", "", { "dependencies": { "tagged-tag": "^1.0.0" } }, "sha512-xxCJm+Bckc6kQBknN7i9fnP/xobQRsRQxR01CztFkp/h++yfVxUUcmMgfR2HttJx/dpWjS9ubVuyspJv24Q9DA=="],

    "typescript": ["typescript@6.0.3", "", { "bin": { "tsc": "bin/tsc", "tsserver": "bin/tsserver" } }, "sha512-y2TvuxSZPDyQakkFRPZHKFm+KKVqIisdg9/CZwm9ftvKXLP8NRWj38/ODjNbr43SsoXqNuAisEf1GdCxqWcdBw=="],

    "undici-types": ["undici-types@7.19.2", "", {}, "sha512-qYVnV5OEm2AW8cJMCpdV20CDyaN3g0AjDlOGf1OW4iaDEx8MwdtChUp4zu4H0VP3nDRF/8RKWH+IPp9uW0YGZg=="],

    "zod": ["zod@4.3.6", "", {}, "sha512-rftlrkhHZOcjDwkGlnUtZZkvaPHCsDATp4pGpuOOMDaTdDDXF91wuVDJoWoPsKX/3YPQ5fHuF3STjcYyKr+Qhg=="],

    "@tailwindcss/oxide-wasm32-wasi/@emnapi/core": ["@emnapi/core@1.8.1", "", { "dependencies": { "@emnapi/wasi-threads": "1.1.0", "tslib": "^2.4.0" }, "bundled": true }, "sha512-AvT9QFpxK0Zd8J0jopedNm+w/2fIzvtPKPjqyw9jwvBaReTTqPBk9Hixaz7KbjimP+QNz605/XnjFcDAL2pqBg=="],

    "@tailwindcss/oxide-wasm32-wasi/@emnapi/runtime": ["@emnapi/runtime@1.8.1", "", { "dependencies": { "tslib": "^2.4.0" }, "bundled": true }, "sha512-mehfKSMWjjNol8659Z8KxEMrdSJDDot5SXMq00dM8BN4o+CLNXQ0xH2V7EchNHV4RmbZLmmPdEaXZc5H2FXmDg=="],

    "@tailwindcss/oxide-wasm32-wasi/@emnapi/wasi-threads": ["@emnapi/wasi-threads@1.1.0", "", { "dependencies": { "tslib": "^2.4.0" }, "bundled": true }, "sha512-WI0DdZ8xFSbgMjR1sFsKABJ/C5OnRrjT06JXbZKexJGrDuPTzZdDYfFlsgcCXCyf+suG5QU2e/y1Wo2V/OapLQ=="],

    "@tailwindcss/oxide-wasm32-wasi/@napi-rs/wasm-runtime": ["@napi-rs/wasm-runtime@1.1.1", "", { "dependencies": { "@emnapi/core": "^1.7.1", "@emnapi/runtime": "^1.7.1", "@tybys/wasm-util": "^0.10.1" }, "bundled": true }, "sha512-p64ah1M1ld8xjWv3qbvFwHiFVWrq1yFvV4f7w+mzaqiR4IlSgkqhcRdHwsGgomwzBH51sRY4NEowLxnaBjcW/A=="],

    "@tailwindcss/oxide-wasm32-wasi/@tybys/wasm-util": ["@tybys/wasm-util@0.10.1", "", { "dependencies": { "tslib": "^2.4.0" }, "bundled": true }, "sha512-9tTaPJLSiejZKx+Bmog4uSubteqTvFrVrURwkmHixBo0G4seD0zUxp98E1DzUBJxLQ3NPwXrGKDiVjwx/DpPsg=="],

    "@tailwindcss/oxide-wasm32-wasi/tslib": ["tslib@2.8.1", "", { "bundled": true }, "sha512-oJFu94HQb+KVduSUQL7wnpmqnfmLsOA/nAh6b6EH0wCEoK0/mPeXU6c3wKDV83MkOuHPRHtSXKKU99IBazS/2w=="],

    "next/postcss": ["postcss@8.4.31", "", { "dependencies": { "nanoid": "^3.3.6", "picocolors": "^1.0.0", "source-map-js": "^1.0.2" } }, "sha512-PS08Iboia9mts/2ygV3eLpY5ghnUcfLV/EXTOW1E2qYxJKGGBUtNjN76FYHnMs36RmARn41bC0AZmn+rR0OVpQ=="],
  }
}
